
Microsoft Visual Studio Solution File, Format Version 12.00
# Visual Studio Version 17
VisualStudioVersion = 17.11.35312.102
MinimumVisualStudioVersion = 10.0.40219.1
Project("{FAE04EC0-301F-11D3-BF4B-00C04F79EFBC}") = "01_MainSubjects", "01_MainSubjects\01_MainSubjects.csproj", "{80D4AE04-DE22-422E-B0CC-B434EF99B244}"
EndProject
Project("{FAE04EC0-301F-11D3-BF4B-00C04F79EFBC}") = "02_Variables", "02_Variables\02_Variables.csproj", "{7ABCC9D9-93D7-4EBF-AD29-0DBC3C02A5EE}"
EndProject
Global
	GlobalSection(SolutionConfigurationPlatforms) = preSolution
		Debug|Any CPU = Debug|Any CPU
		Release|Any CPU = Release|Any CPU
	EndGlobalSection
	GlobalSection(ProjectConfigurationPlatforms) = postSolution
		{80D4AE04-DE22-422E-B0CC-B434EF99B244}.Debug|Any CPU.ActiveCfg = Debug|Any CPU
		{80D4AE04-DE22-422E-B0CC-B434EF99B244}.Debug|Any CPU.Build.0 = Debug|Any CPU
		{80D4AE04-DE22-422E-B0CC-B434EF99B244}.Release|Any CPU.ActiveCfg = Release|Any CPU
		{80D4AE04-DE22-422E-B0CC-B434EF99B244}.Release|Any CPU.Build.0 = Release|Any CPU
		{7ABCC9D9-93D7-4EBF-AD29-0DBC3C02A5EE}.Debug|Any CPU.ActiveCfg = Debug|Any CPU
		{7ABCC9D9-93D7-4EBF-AD29-0DBC3C02A5EE}.Debug|Any CPU.Build.0 = Debug|Any CPU
		{7ABCC9D9-93D7-4EBF-AD29-0DBC3C02A5EE}.Release|Any CPU.ActiveCfg = Release|Any CPU
		{7ABCC9D9-93D7-4EBF-AD29-0DBC3C02A5EE}.Release|Any CPU.Build.0 = Release|Any CPU
	EndGlobalSection
	GlobalSection(SolutionProperties) = preSolution
		HideSolutionNode = FALSE
	EndGlobalSection
	GlobalSection(ExtensibilityGlobals) = postSolution
		SolutionGuid = {25FD100A-111B-48BF-84DE-B650A4B0929A}
	EndGlobalSection
EndGlobal
